
Microsoft Visual Studio Solution File, Format Version 12.00
# Visual Studio Version 17
VisualStudioVersion = 17.9.34622.214
MinimumVisualStudioVersion = 10.0.40219.1
Project("{FAE04EC0-301F-11D3-BF4B-00C04F79EFBC}") = "WebApp_Blazor", "WebApp_Blazor\WebApp_Blazor.csproj", "{3E24C163-2536-40C3-95DC-F8DE17B26F99}"
EndProject
Global
	GlobalSection(SolutionConfigurationPlatforms) = preSolution
		Debug|Any CPU = Debug|Any CPU
		Release|Any CPU = Release|Any CPU
	EndGlobalSection
	GlobalSection(ProjectConfigurationPlatforms) = postSolution
		{3E24C163-2536-40C3-95DC-F8DE17B26F99}.Debug|Any CPU.ActiveCfg = Debug|Any CPU
		{3E24C163-2536-40C3-95DC-F8DE17B26F99}.Debug|Any CPU.Build.0 = Debug|Any CPU
		{3E24C163-2536-40C3-95DC-F8DE17B26F99}.Release|Any CPU.ActiveCfg = Release|Any CPU
		{3E24C163-2536-40C3-95DC-F8DE17B26F99}.Release|Any CPU.Build.0 = Release|Any CPU
	EndGlobalSection
	GlobalSection(SolutionProperties) = preSolution
		HideSolutionNode = FALSE
	EndGlobalSection
	GlobalSection(ExtensibilityGlobals) = postSolution
		SolutionGuid = {355E699C-286D-4660-8496-5FF86C9720BE}
	EndGlobalSection
EndGlobal
